
Microsoft Visual Studio Solution File, Format Version 12.00
# Visual Studio Version 17
VisualStudioVersion = 17.8.34330.188
MinimumVisualStudioVersion = 10.0.40219.1
Project("{FAE04EC0-301F-11D3-BF4B-00C04F79EFBC}") = "LeaveManagement.Web", "LeaveManagement.Web\LeaveManagement.Web.csproj", "{3B062F75-AF87-40D5-80E9-226B253B9B49}"
EndProject
Global
	GlobalSection(SolutionConfigurationPlatforms) = preSolution
		Debug|Any CPU = Debug|Any CPU
		Release|Any CPU = Release|Any CPU
	EndGlobalSection
	GlobalSection(ProjectConfigurationPlatforms) = postSolution
		{3B062F75-AF87-40D5-80E9-226B253B9B49}.Debug|Any CPU.ActiveCfg = Debug|Any CPU
		{3B062F75-AF87-40D5-80E9-226B253B9B49}.Debug|Any CPU.Build.0 = Debug|Any CPU
		{3B062F75-AF87-40D5-80E9-226B253B9B49}.Release|Any CPU.ActiveCfg = Release|Any CPU
		{3B062F75-AF87-40D5-80E9-226B253B9B49}.Release|Any CPU.Build.0 = Release|Any CPU
	EndGlobalSection
	GlobalSection(SolutionProperties) = preSolution
		HideSolutionNode = FALSE
	EndGlobalSection
	GlobalSection(ExtensibilityGlobals) = postSolution
		SolutionGuid = {2C2865CD-8D21-4243-BF78-8BA74172280C}
	EndGlobalSection
EndGlobal
